
Microsoft Visual Studio Solution File, Format Version 12.00
# Visual Studio 15
VisualStudioVersion = 15.0.26403.7
MinimumVisualStudioVersion = 10.0.40219.1
Project("{FAE04EC0-301F-11D3-BF4B-00C04F79EFBC}") = "Sample.Automation.Solution.Application", "Sample.Automation.Solution.Application\Sample.Automation.Solution.Application.csproj", "{2986552A-E8CB-478C-82BF-476D2F029264}"
EndProject
Project("{FAE04EC0-301F-11D3-BF4B-00C04F79EFBC}") = "Sample.Automation.Solution.Tests", "Sample.Automation.Solution.Tests\Sample.Automation.Solution.Tests.csproj", "{DD1B52C0-7FC9-4508-9665-515FA1832901}"
EndProject
Project("{FAE04EC0-301F-11D3-BF4B-00C04F79EFBC}") = "Automation.Solution.API", "Automation.Solution.API\Automation.Solution.API.csproj", "{6D75B084-508C-4936-AF2E-BDF9B9B000D1}"
EndProject
Global
	GlobalSection(SolutionConfigurationPlatforms) = preSolution
		Debug|Any CPU = Debug|Any CPU
		Release|Any CPU = Release|Any CPU
	EndGlobalSection
	GlobalSection(ProjectConfigurationPlatforms) = postSolution
		{2986552A-E8CB-478C-82BF-476D2F029264}.Debug|Any CPU.ActiveCfg = Debug|Any CPU
		{2986552A-E8CB-478C-82BF-476D2F029264}.Debug|Any CPU.Build.0 = Debug|Any CPU
		{2986552A-E8CB-478C-82BF-476D2F029264}.Release|Any CPU.ActiveCfg = Release|Any CPU
		{2986552A-E8CB-478C-82BF-476D2F029264}.Release|Any CPU.Build.0 = Release|Any CPU
		{DD1B52C0-7FC9-4508-9665-515FA1832901}.Debug|Any CPU.ActiveCfg = Debug|Any CPU
		{DD1B52C0-7FC9-4508-9665-515FA1832901}.Debug|Any CPU.Build.0 = Debug|Any CPU
		{DD1B52C0-7FC9-4508-9665-515FA1832901}.Release|Any CPU.ActiveCfg = Release|Any CPU
		{DD1B52C0-7FC9-4508-9665-515FA1832901}.Release|Any CPU.Build.0 = Release|Any CPU
		{6D75B084-508C-4936-AF2E-BDF9B9B000D1}.Debug|Any CPU.ActiveCfg = Debug|Any CPU
		{6D75B084-508C-4936-AF2E-BDF9B9B000D1}.Debug|Any CPU.Build.0 = Debug|Any CPU
		{6D75B084-508C-4936-AF2E-BDF9B9B000D1}.Release|Any CPU.ActiveCfg = Release|Any CPU
		{6D75B084-508C-4936-AF2E-BDF9B9B000D1}.Release|Any CPU.Build.0 = Release|Any CPU
	EndGlobalSection
	GlobalSection(SolutionProperties) = preSolution
		HideSolutionNode = FALSE
	EndGlobalSection
	GlobalSection(ExtensibilityGlobals) = postSolution
		SolutionGuid = {B99746B4-3014-44D9-9991-CBDC7D36CC49}
	EndGlobalSection
EndGlobal
